
Microsoft Visual Studio Solution File, Format Version 12.00
# Visual Studio Version 17
VisualStudioVersion = 17.9.34723.18
MinimumVisualStudioVersion = 10.0.40219.1
Project("{FAE04EC0-301F-11D3-BF4B-00C04F79EFBC}") = "HomeTask07.04", "HomeTask07.04.csproj", "{84ABCB2B-B6B7-47B2-A1AA-880175E986A6}"
EndProject
Global
	GlobalSection(SolutionConfigurationPlatforms) = preSolution
		Debug|Any CPU = Debug|Any CPU
		Release|Any CPU = Release|Any CPU
	EndGlobalSection
	GlobalSection(ProjectConfigurationPlatforms) = postSolution
		{84ABCB2B-B6B7-47B2-A1AA-880175E986A6}.Debug|Any CPU.ActiveCfg = Debug|Any CPU
		{84ABCB2B-B6B7-47B2-A1AA-880175E986A6}.Debug|Any CPU.Build.0 = Debug|Any CPU
		{84ABCB2B-B6B7-47B2-A1AA-880175E986A6}.Release|Any CPU.ActiveCfg = Release|Any CPU
		{84ABCB2B-B6B7-47B2-A1AA-880175E986A6}.Release|Any CPU.Build.0 = Release|Any CPU
	EndGlobalSection
	GlobalSection(SolutionProperties) = preSolution
		HideSolutionNode = FALSE
	EndGlobalSection
	GlobalSection(ExtensibilityGlobals) = postSolution
		SolutionGuid = {3CB2CA10-2745-441F-933D-F3F7461FD259}
	EndGlobalSection
EndGlobal
